<?xml version="1.0" encoding="utf-8"?>
<Project ToolsVersion="4.0" xmlns="http://schemas.microsoft.com/developer/msbuild/2003">
  <ItemGroup>
    <ClCompile Include="Editor.cpp" />
    <ClCompile Include="EditorGUI.cpp" />
    <ClCompile Include="Game.cpp" />
    <ClCompile Include="Input\ControlSet.cpp" />
    <ClCompile Include="Input\InputData.cpp" />
    <ClCompile Include="Input\KeyboardData.cpp" />
    <ClCompile Include="Input\MouseData.cpp" />
    <ClCompile Include="Layers\Layer.cpp" />
    <ClCompile Include="Layers\LayerManager.cpp" />
    <ClCompile Include="Main.cpp" />
    <ClCompile Include="MenuStuff\AppSprite.cpp" />
    <ClCompile Include="MenuStuff\BasicButton.cpp" />
    <ClCompile Include="MenuStuff\Menu.cpp" />
    <ClCompile Include="MenuStuff\MenuElement.cpp" />
    <ClCompile Include="MenuStuff\MenuManager.cpp" />
    <ClCompile Include="MenuStuff\MenuSprite.cpp" />
    <ClCompile Include="MenuStuff\MultiMenuSprite.cpp" />
    <ClCompile Include="MenuStuff\MultiTextBox.cpp" />
    <ClCompile Include="MenuStuff\SingleTextBox.cpp" />
    <ClCompile Include="MenuStuff\TableEntry\EntryTable.cpp" />
    <ClCompile Include="MenuStuff\TableEntry\EntryTextBox.cpp" />
    <ClCompile Include="MenuStuff\TableEntry\TablePair.cpp" />
    <ClCompile Include="NameSearchable\NameSearchable.cpp" />
    <ClCompile Include="Objects\Graphics\Animation\Animation.cpp" />
    <ClCompile Include="Objects\Graphics\Texture.cpp" />
    <ClCompile Include="Objects\MovingTestObject.cpp" />
    <ClCompile Include="Objects\Object.cpp" />
    <ClCompile Include="Objects\ObjectClasses\Pickups\Pickup.cpp" />
    <ClCompile Include="Objects\ObjectClasses\Pickups\PickupData.cpp" />
    <ClCompile Include="Objects\ObjectClasses\Pickups\PickupZone.cpp" />
    <ClCompile Include="Objects\ObjectGroup.cpp" />
    <ClCompile Include="Objects\ObjectManager.cpp" />
    <ClCompile Include="Objects\Physics\Collision\Collidable.cpp" />
    <ClCompile Include="Objects\Physics\Collision\Collider.cpp" />
    <ClCompile Include="Objects\Physics\Collision\CollisionData.cpp" />
    <ClCompile Include="Objects\Physics\Collision\HitBox.cpp" />
    <ClCompile Include="Objects\Physics\Movement\PhysicsObject.cpp" />
    <ClCompile Include="Objects\Squirrel.cpp" />
    <ClCompile Include="Objects\TestObject.cpp" />
    <ClCompile Include="ResourceManager\ResourceGroup.cpp" />
    <ClCompile Include="ResourceManager\ResourceManager.cpp" />
    <ClCompile Include="Utility\Downcast.cpp" />
    <ClCompile Include="Utility\INIParser.cpp" />
    <ClCompile Include="Utility\Logger.cpp" />
    <ClCompile Include="Utility\UnitTester.cpp" />
    <ClCompile Include="Utility\Utilities.cpp" />
    <ClCompile Include="Utility\XMLParser.cpp" />
    <ClCompile Include="Objects\Platform.cpp" />
    <ClCompile Include="Objects\Graphics\TiledTexture.cpp" />
  </ItemGroup>
  <ItemGroup>
    <ClInclude Include="Defines.hpp" />
    <ClInclude Include="Editor.hpp" />
    <ClInclude Include="EditorGUI.hpp" />
    <ClInclude Include="MenuStuff\AppSprite.hpp">
      <Filter>Menu\Headers</Filter>
    </ClInclude>
    <ClInclude Include="MenuStuff\BasicButton.hpp">
      <Filter>Menu\Headers</Filter>
    </ClInclude>
    <ClInclude Include="MenuStuff\TableEntry\EntryTable.hpp">
      <Filter>Menu\Headers</Filter>
    </ClInclude>
    <ClInclude Include="MenuStuff\TableEntry\EntryTextBox.hpp">
      <Filter>Menu\Headers</Filter>
    </ClInclude>
    <ClInclude Include="MenuStuff\Menu.hpp">
      <Filter>Menu\Headers</Filter>
    </ClInclude>
    <ClInclude Include="MenuStuff\MenuElement.hpp">
      <Filter>Menu\Headers</Filter>
    </ClInclude>
    <ClInclude Include="MenuStuff\MenuElementList.hpp">
      <Filter>Menu\Headers</Filter>
    </ClInclude>
    <ClInclude Include="MenuStuff\MenuIncludes.hpp">
      <Filter>Menu\Headers</Filter>
    </ClInclude>
    <ClInclude Include="MenuStuff\MenuManager.hpp">
      <Filter>Menu\Headers</Filter>
    </ClInclude>
    <ClInclude Include="MenuStuff\MenuSprite.hpp">
      <Filter>Menu\Headers</Filter>
    </ClInclude>
    <ClInclude Include="MenuStuff\MultiMenuSprite.hpp">
      <Filter>Menu\Headers</Filter>
    </ClInclude>
    <ClInclude Include="MenuStuff\MultiTextBox.hpp">
      <Filter>Menu\Headers</Filter>
    </ClInclude>
    <ClInclude Include="MenuStuff\SingleTextBox.hpp">
      <Filter>Menu\Headers</Filter>
    </ClInclude>
    <ClInclude Include="MenuStuff\TableEntry\TablePair.hpp">
      <Filter>Menu\Headers</Filter>
    </ClInclude>
    <ClInclude Include="Input\ControlSet.hpp">
      <Filter>Input</Filter>
    </ClInclude>
    <ClInclude Include="Input\InputData.hpp">
      <Filter>Input</Filter>
    </ClInclude>
    <ClInclude Include="Input\KeyboardData.hpp">
      <Filter>Input</Filter>
    </ClInclude>
    <ClInclude Include="Input\MouseData.hpp">
      <Filter>Input</Filter>
    </ClInclude>
    <ClInclude Include="Objects\MovingTestObject.hpp">
      <Filter>Objects</Filter>
    </ClInclude>
    <ClInclude Include="Objects\TestObject.hpp">
      <Filter>Objects</Filter>
    </ClInclude>
    <ClInclude Include="Objects\Physics\Collision\Collidable.hpp">
      <Filter>Objects\Physics\Collision</Filter>
    </ClInclude>
    <ClInclude Include="Objects\Physics\Collision\CollisionData.hpp">
      <Filter>Objects\Physics\Collision</Filter>
    </ClInclude>
    <ClInclude Include="Objects\Graphics\Animation\Animation.hpp">
      <Filter>Objects\Graphics\Animation</Filter>
    </ClInclude>
    <ClInclude Include="Objects\Graphics\Graphics.hpp">
      <Filter>Objects\Graphics</Filter>
    </ClInclude>
    <ClInclude Include="Objects\Physics\Physics.hpp">
      <Filter>Objects\Physics</Filter>
    </ClInclude>
    <ClInclude Include="Objects\Squirrel.hpp">
      <Filter>Objects</Filter>
    </ClInclude>
    <ClInclude Include="Objects\ObjectClasses\Platform.hpp">
      <Filter>Header Files</Filter>
    </ClInclude>
    <ClInclude Include="Objects\Physics\Collision\HitBox.hpp">
      <Filter>Objects\Physics\Collision</Filter>
    </ClInclude>
    <ClInclude Include="Objects\Physics\Movement\PhysicsObject.hpp">
      <Filter>Objects\Physics\Movement</Filter>
    </ClInclude>
    <ClInclude Include="Objects\Physics\Collision\Collider.hpp">
      <Filter>Objects\Physics\Collision</Filter>
    </ClInclude>
    <ClInclude Include="MenuStuff\Slider.hpp">
      <Filter>Menu\Headers</Filter>
    </ClInclude>
    <ClInclude Include="MainMenu.hpp" />
  </ItemGroup>
  <ItemGroup>
    <ClCompile Include="Utility\Downcast.cpp">
      <Filter>Utility</Filter>
    </ClCompile>
    <ClCompile Include="Utility\INIParser.cpp">
      <Filter>Utility</Filter>
    </ClCompile>
    <ClCompile Include="Utility\Logger.cpp">
      <Filter>Utility</Filter>
    </ClCompile>
    <ClCompile Include="Utility\UnitTester.cpp">
      <Filter>Utility</Filter>
    </ClCompile>
    <ClCompile Include="Utility\Utilities.cpp">
      <Filter>Utility</Filter>
    </ClCompile>
    <ClCompile Include="Objects\Object.cpp">
      <Filter>Objects</Filter>
    </ClCompile>
    <ClCompile Include="Objects\ObjectGroup.cpp">
      <Filter>Objects</Filter>
    </ClCompile>
    <ClCompile Include="Objects\ObjectManager.cpp">
      <Filter>Objects</Filter>
    </ClCompile>
    <ClCompile Include="Layers\LayerManager.cpp">
      <Filter>Layers</Filter>
    </ClCompile>
    <ClCompile Include="Layers\Layer.cpp">
      <Filter>Layers</Filter>
    </ClCompile>
    <ClCompile Include="NameSearchable\NameSearchable.cpp">
      <Filter>NameSearchable</Filter>
    </ClCompile>
    <ClCompile Include="ResourceManager\ResourceManager.cpp">
      <Filter>ResourceManager</Filter>
    </ClCompile>
    <ClCompile Include="ResourceManager\ResourceGroup.cpp">
      <Filter>ResourceManager</Filter>
    </ClCompile>
    <ClCompile Include="Game.cpp" />
    <ClCompile Include="Main.cpp" />
    <ClCompile Include="Utility\XMLParser.cpp">
      <Filter>Utility</Filter>
    </ClCompile>
    <ClCompile Include="Editor.cpp" />
    <ClCompile Include="EditorGUI.cpp" />
    <ClCompile Include="MenuStuff\TableEntry\TablePair.cpp">
      <Filter>Menu\Sources</Filter>
    </ClCompile>
    <ClCompile Include="MenuStuff\SingleTextBox.cpp">
      <Filter>Menu\Sources</Filter>
    </ClCompile>
    <ClCompile Include="MenuStuff\MultiTextBox.cpp">
      <Filter>Menu\Sources</Filter>
    </ClCompile>
    <ClCompile Include="MenuStuff\MultiMenuSprite.cpp">
      <Filter>Menu\Sources</Filter>
    </ClCompile>
    <ClCompile Include="MenuStuff\MenuSprite.cpp">
      <Filter>Menu\Sources</Filter>
    </ClCompile>
    <ClCompile Include="MenuStuff\MenuManager.cpp">
      <Filter>Menu\Sources</Filter>
    </ClCompile>
    <ClCompile Include="MenuStuff\MenuElement.cpp">
      <Filter>Menu\Sources</Filter>
    </ClCompile>
    <ClCompile Include="MenuStuff\Menu.cpp">
      <Filter>Menu\Sources</Filter>
    </ClCompile>
    <ClCompile Include="MenuStuff\TableEntry\EntryTextBox.cpp">
      <Filter>Menu\Sources</Filter>
    </ClCompile>
    <ClCompile Include="MenuStuff\TableEntry\EntryTable.cpp">
      <Filter>Menu\Sources</Filter>
    </ClCompile>
    <ClCompile Include="MenuStuff\BasicButton.cpp">
      <Filter>Menu\Sources</Filter>
    </ClCompile>
    <ClCompile Include="MenuStuff\AppSprite.cpp">
      <Filter>Menu\Sources</Filter>
    </ClCompile>
    <ClCompile Include="Input\ControlSet.cpp">
      <Filter>Input</Filter>
    </ClCompile>
    <ClCompile Include="Input\InputData.cpp">
      <Filter>Input</Filter>
    </ClCompile>
    <ClCompile Include="Input\MouseData.cpp">
      <Filter>Input</Filter>
    </ClCompile>
    <ClCompile Include="Input\KeyboardData.cpp">
      <Filter>Input</Filter>
    </ClCompile>
    <ClCompile Include="Objects\TestObject.cpp">
      <Filter>Objects</Filter>
    </ClCompile>
    <ClCompile Include="Objects\MovingTestObject.cpp">
      <Filter>Objects</Filter>
    </ClCompile>
    <ClCompile Include="Objects\Physics\Collision\Collidable.cpp">
      <Filter>Objects\Physics\Collision</Filter>
    </ClCompile>
    <ClCompile Include="Objects\Physics\Collision\CollisionData.cpp">
      <Filter>Objects\Physics\Collision</Filter>
    </ClCompile>
    <ClCompile Include="Objects\Graphics\Animation\Animation.cpp">
      <Filter>Objects\Graphics\Animation</Filter>
    </ClCompile>
    <ClCompile Include="Objects\Squirrel.cpp">
      <Filter>Objects</Filter>
    </ClCompile>
    <ClCompile Include="Objects\ObjectClasses\Platform.cpp">
      <Filter>Source Files</Filter>
    </ClCompile>
    <ClCompile Include="Objects\Physics\Collision\HitBox.cpp">
      <Filter>Objects\Physics\Collision</Filter>
    </ClCompile>
    <ClCompile Include="Objects\Physics\Movement\PhysicsObject.cpp">
      <Filter>Objects\Physics\Movement</Filter>
    </ClCompile>
    <ClCompile Include="Objects\Physics\Collision\Collider.cpp">
      <Filter>Objects\Physics\Collision</Filter>
    </ClCompile>
    <ClCompile Include="MenuStuff\Slider.cpp">
      <Filter>Menu\Sources</Filter>
    </ClCompile>
    <ClCompile Include="MainMenu.cpp" />
  </ItemGroup>
</Project>